{
  "name": "Web-BlueModas",
  "lockfileVersion": 2,
  "requires": true,
  "packages": {
    "": {
      "dependencies": {
        "@angular/animations": "^12.2.1",
        "ngx-toastr": "^14.1.0"
      }
    },
    "node_modules/@angular/animations": {
      "version": "12.2.1",
      "resolved": "https://registry.npmjs.org/@angular/animations/-/animations-12.2.1.tgz",
      "integrity": "sha512-SDsBBQG2AifuVyo+LUiqFLqzQ8ourO60NhkYGugC934lRqox2ZXmAooDBGMh74K7yrzIxMpbrMbL+qGv4OGpjw==",
      "dependencies": {
        "tslib": "^2.2.0"
      },
      "engines": {
        "node": "^12.14.1 || >=14.0.0"
      },
      "peerDependencies": {
        "@angular/core": "12.2.1"
      }
    },
    "node_modules/@angular/common": {
      "version": "12.2.1",
      "resolved": "https://registry.npmjs.org/@angular/common/-/common-12.2.1.tgz",
      "integrity": "sha512-LGQwDN3QKX/0LVQQa6v+/Tc4Za+XiIfJMqmr6KNWh3q6/5zibkPE9YCq/nvolUg7RZzYpG7tFPgnggYtUmKURw==",
      "peer": true,
      "dependencies": {
        "tslib": "^2.2.0"
      },
      "engines": {
        "node": "^12.14.1 || >=14.0.0"
      },
      "peerDependencies": {
        "@angular/core": "12.2.1",
        "rxjs": "^6.5.3 || ^7.0.0"
      }
    },
    "node_modules/@angular/core": {
      "version": "12.2.1",
      "resolved": "https://registry.npmjs.org/@angular/core/-/core-12.2.1.tgz",
      "integrity": "sha512-n3h2SIlTexQRhiU0YKk1qUobZBXtFisfNbV4kJLyjNsGyMt70NQLZVe5mUw7LV7aDAJEinuoCofqBl4FHCigEQ==",
      "peer": true,
      "dependencies": {
        "tslib": "^2.2.0"
      },
      "engines": {
        "node": "^12.14.1 || >=14.0.0"
      },
      "peerDependencies": {
        "rxjs": "^6.5.3 || ^7.0.0",
        "zone.js": "~0.11.4"
      }
    },
    "node_modules/@angular/platform-browser": {
      "version": "12.2.1",
      "resolved": "https://registry.npmjs.org/@angular/platform-browser/-/platform-browser-12.2.1.tgz",
      "integrity": "sha512-14PSiuKrXe8KP0K5+WtpwdYALKRIFWp1KxIhmqrpjbW322W9d46dC7LAw8Wzof/aHmDJops63u6EDJG7UeiUOg==",
      "peer": true,
      "dependencies": {
        "tslib": "^2.2.0"
      },
      "engines": {
        "node": "^12.14.1 || >=14.0.0"
      },
      "peerDependencies": {
        "@angular/animations": "12.2.1",
        "@angular/common": "12.2.1",
        "@angular/core": "12.2.1"
      },
      "peerDependenciesMeta": {
        "@angular/animations": {
          "optional": true
        }
      }
    },
    "node_modules/ngx-toastr": {
      "version": "14.1.0",
      "resolved": "https://registry.npmjs.org/ngx-toastr/-/ngx-toastr-14.1.0.tgz",
      "integrity": "sha512-bDdgM7cJXGvJCEU+aggsZ58Fc4x87oH0mjsjGAPQHqJ4K6gYCWaB79i1RxVBPmoXmTGooNJeeCsSZYLoHIo2Bg==",
      "dependencies": {
        "tslib": "^2.2.0"
      },
      "peerDependencies": {
        "@angular/common": ">=12.0.0-0",
        "@angular/core": ">=12.0.0-0",
        "@angular/platform-browser": ">=12.0.0-0"
      }
    },
    "node_modules/rxjs": {
      "version": "7.3.0",
      "resolved": "https://registry.npmjs.org/rxjs/-/rxjs-7.3.0.tgz",
      "integrity": "sha512-p2yuGIg9S1epc3vrjKf6iVb3RCaAYjYskkO+jHIaV0IjOPlJop4UnodOoFb2xeNwlguqLYvGw1b1McillYb5Gw==",
      "peer": true,
      "dependencies": {
        "tslib": "~2.1.0"
      }
    },
    "node_modules/rxjs/node_modules/tslib": {
      "version": "2.1.0",
      "resolved": "https://registry.npmjs.org/tslib/-/tslib-2.1.0.tgz",
      "integrity": "sha512-hcVC3wYEziELGGmEEXue7D75zbwIIVUMWAVbHItGPx0ziyXxrOMQx4rQEVEV45Ut/1IotuEvwqPopzIOkDMf0A==",
      "peer": true
    },
    "node_modules/tslib": {
      "version": "2.3.1",
      "resolved": "https://registry.npmjs.org/tslib/-/tslib-2.3.1.tgz",
      "integrity": "sha512-77EbyPPpMz+FRFRuAFlWMtmgUWGe9UOG2Z25NqCwiIjRhOf5iKGuzSe5P2w1laq+FkRy4p+PCuVkJSGkzTEKVw=="
    },
    "node_modules/zone.js": {
      "version": "0.11.4",
      "resolved": "https://registry.npmjs.org/zone.js/-/zone.js-0.11.4.tgz",
      "integrity": "sha512-DDh2Ab+A/B+9mJyajPjHFPWfYU1H+pdun4wnnk0OcQTNjem1XQSZ2CDW+rfZEUDjv5M19SBqAkjZi0x5wuB5Qw==",
      "peer": true,
      "dependencies": {
        "tslib": "^2.0.0"
      }
    }
  },
  "dependencies": {
    "@angular/animations": {
      "version": "12.2.1",
      "resolved": "https://registry.npmjs.org/@angular/animations/-/animations-12.2.1.tgz",
      "integrity": "sha512-SDsBBQG2AifuVyo+LUiqFLqzQ8ourO60NhkYGugC934lRqox2ZXmAooDBGMh74K7yrzIxMpbrMbL+qGv4OGpjw==",
      "requires": {
        "tslib": "^2.2.0"
      }
    },
    "@angular/common": {
      "version": "12.2.1",
      "resolved": "https://registry.npmjs.org/@angular/common/-/common-12.2.1.tgz",
      "integrity": "sha512-LGQwDN3QKX/0LVQQa6v+/Tc4Za+XiIfJMqmr6KNWh3q6/5zibkPE9YCq/nvolUg7RZzYpG7tFPgnggYtUmKURw==",
      "peer": true,
      "requires": {
        "tslib": "^2.2.0"
      }
    },
    "@angular/core": {
      "version": "12.2.1",
      "resolved": "https://registry.npmjs.org/@angular/core/-/core-12.2.1.tgz",
      "integrity": "sha512-n3h2SIlTexQRhiU0YKk1qUobZBXtFisfNbV4kJLyjNsGyMt70NQLZVe5mUw7LV7aDAJEinuoCofqBl4FHCigEQ==",
      "peer": true,
      "requires": {
        "tslib": "^2.2.0"
      }
    },
    "@angular/platform-browser": {
      "version": "12.2.1",
      "resolved": "https://registry.npmjs.org/@angular/platform-browser/-/platform-browser-12.2.1.tgz",
      "integrity": "sha512-14PSiuKrXe8KP0K5+WtpwdYALKRIFWp1KxIhmqrpjbW322W9d46dC7LAw8Wzof/aHmDJops63u6EDJG7UeiUOg==",
      "peer": true,
      "requires": {
        "tslib": "^2.2.0"
      }
    },
    "ngx-toastr": {
      "version": "14.1.0",
      "resolved": "https://registry.npmjs.org/ngx-toastr/-/ngx-toastr-14.1.0.tgz",
      "integrity": "sha512-bDdgM7cJXGvJCEU+aggsZ58Fc4x87oH0mjsjGAPQHqJ4K6gYCWaB79i1RxVBPmoXmTGooNJeeCsSZYLoHIo2Bg==",
      "requires": {
        "tslib": "^2.2.0"
      }
    },
    "rxjs": {
      "version": "7.3.0",
      "resolved": "https://registry.npmjs.org/rxjs/-/rxjs-7.3.0.tgz",
      "integrity": "sha512-p2yuGIg9S1epc3vrjKf6iVb3RCaAYjYskkO+jHIaV0IjOPlJop4UnodOoFb2xeNwlguqLYvGw1b1McillYb5Gw==",
      "peer": true,
      "requires": {
        "tslib": "~2.1.0"
      },
      "dependencies": {
        "tslib": {
          "version": "2.1.0",
          "resolved": "https://registry.npmjs.org/tslib/-/tslib-2.1.0.tgz",
          "integrity": "sha512-hcVC3wYEziELGGmEEXue7D75zbwIIVUMWAVbHItGPx0ziyXxrOMQx4rQEVEV45Ut/1IotuEvwqPopzIOkDMf0A==",
          "peer": true
        }
      }
    },
    "tslib": {
      "version": "2.3.1",
      "resolved": "https://registry.npmjs.org/tslib/-/tslib-2.3.1.tgz",
      "integrity": "sha512-77EbyPPpMz+FRFRuAFlWMtmgUWGe9UOG2Z25NqCwiIjRhOf5iKGuzSe5P2w1laq+FkRy4p+PCuVkJSGkzTEKVw=="
    },
    "zone.js": {
      "version": "0.11.4",
      "resolved": "https://registry.npmjs.org/zone.js/-/zone.js-0.11.4.tgz",
      "integrity": "sha512-DDh2Ab+A/B+9mJyajPjHFPWfYU1H+pdun4wnnk0OcQTNjem1XQSZ2CDW+rfZEUDjv5M19SBqAkjZi0x5wuB5Qw==",
      "peer": true,
      "requires": {
        "tslib": "^2.0.0"
      }
    }
  }
}
